// !$*UTF8*$!
{
	archiveVersion = 1;
	classes = {
	};
	objectVersion = 46;
	objects = {

/* Begin PBXBuildFile section */
		BA4AF5581C3F5DB1005FAF22 /* AppDelegate.swift in Sources */ = {isa = PBXBuildFile; fileRef = BA4AF5571C3F5DB1005FAF22 /* AppDelegate.swift */; };
		BA4AF55A1C3F5DB1005FAF22 /* ViewController.swift in Sources */ = {isa = PBXBuildFile; fileRef = BA4AF5591C3F5DB1005FAF22 /* ViewController.swift */; };
		BA4AF55D1C3F5DB1005FAF22 /* Main.storyboard in Resources */ = {isa = PBXBuildFile; fileRef = BA4AF55B1C3F5DB1005FAF22 /* Main.storyboard */; };
		BA4AF55F1C3F5DB1005FAF22 /* Assets.xcassets in Resources */ = {isa = PBXBuildFile; fileRef = BA4AF55E1C3F5DB1005FAF22 /* Assets.xcassets */; };
		BA4AF5621C3F5DB1005FAF22 /* LaunchScreen.storyboard in Resources */ = {isa = PBXBuildFile; fileRef = BA4AF5601C3F5DB1005FAF22 /* LaunchScreen.storyboard */; };
		BA4AF56D1C3F5DB1005FAF22 /* DatePickerTests.swift in Sources */ = {isa = PBXBuildFile; fileRef = BA4AF56C1C3F5DB1005FAF22 /* DatePickerTests.swift */; };
		BA4AF5781C3F6272005FAF22 /* CounterViewController.swift in Sources */ = {isa = PBXBuildFile; fileRef = BA4AF5771C3F6272005FAF22 /* CounterViewController.swift */; };
/* End PBXBuildFile section */

/* Begin PBXContainerItemProxy section */
		BA4AF5691C3F5DB1005FAF22 /* PBXContainerItemProxy */ = {
			isa = PBXContainerItemProxy;
			containerPortal = BA4AF54C1C3F5DB1005FAF22 /* Project object */;
			proxyType = 1;
			remoteGlobalIDString = BA4AF5531C3F5DB1005FAF22;
			remoteInfo = DatePicker;
		};
/* End PBXContainerItemProxy section */

/* Begin PBXFileReference section */
		BA4AF5541C3F5DB1005FAF22 /* DatePicker.app */ = {isa = PBXFileReference; explicitFileType = wrapper.application; includeInIndex = 0; path = DatePicker.app; sourceTree = BUILT_PRODUCTS_DIR; };
		BA4AF5571C3F5DB1005FAF22 /* AppDelegate.swift */ = {isa = PBXFileReference; lastKnownFileType = sourcecode.swift; path = AppDelegate.swift; sourceTree = "<group>"; };
		BA4AF5591C3F5DB1005FAF22 /* ViewController.swift */ = {isa = PBXFileReference; lastKnownFileType = sourcecode.swift; path = ViewController.swift; sourceTree = "<group>"; };
		BA4AF55C1C3F5DB1005FAF22 /* Base */ = {isa = PBXFileReference; lastKnownFileType = file.storyboard; name = Base; path = Base.lproj/Main.storyboard; sourceTree = "<group>"; };
		BA4AF55E1C3F5DB1005FAF22 /* Assets.xcassets */ = {isa = PBXFileReference; lastKnownFileType = folder.assetcatalog; path = Assets.xcassets; sourceTree = "<group>"; };
		BA4AF5611C3F5DB1005FAF22 /* Base */ = {isa = PBXFileReference; lastKnownFileType = file.storyboard; name = Base; path = Base.lproj/LaunchScreen.storyboard; sourceTree = "<group>"; };
		BA4AF5631C3F5DB1005FAF22 /* Info.plist */ = {isa = PBXFileReference; lastKnownFileType = text.plist.xml; path = Info.plist; sourceTree = "<group>"; };
		BA4AF5681C3F5DB1005FAF22 /* DatePickerTests.xctest */ = {isa = PBXFileReference; explicitFileType = wrapper.cfbundle; includeInIndex = 0; path = DatePickerTests.xctest; sourceTree = BUILT_PRODUCTS_DIR; };
		BA4AF56C1C3F5DB1005FAF22 /* DatePickerTests.swift */ = {isa = PBXFileReference; lastKnownFileType = sourcecode.swift; path = DatePickerTests.swift; sourceTree = "<group>"; };
		BA4AF56E1C3F5DB1005FAF22 /* Info.plist */ = {isa = PBXFileReference; lastKnownFileType = text.plist.xml; path = Info.plist; sourceTree = "<group>"; };
		BA4AF5771C3F6272005FAF22 /* CounterViewController.swift */ = {isa = PBXFileReference; fileEncoding = 4; lastKnownFileType = sourcecode.swift; path = CounterViewController.swift; sourceTree = "<group>"; };
/* End PBXFileReference section */

/* Begin PBXFrameworksBuildPhase section */
		BA4AF5511C3F5DB1005FAF22 /* Frameworks */ = {
			isa = PBXFrameworksBuildPhase;
			buildActionMask = 2147483647;
			files = (
			);
			runOnlyForDeploymentPostprocessing = 0;
		};
		BA4AF5651C3F5DB1005FAF22 /* Frameworks */ = {
			isa = PBXFrameworksBuildPhase;
			buildActionMask = 2147483647;
			files = (
			);
			runOnlyForDeploymentPostprocessing = 0;
		};
/* End PBXFrameworksBuildPhase section */

/* Begin PBXGroup section */
		BA4AF54B1C3F5DB1005FAF22 = {
			isa = PBXGroup;
			children = (
				BA4AF5561C3F5DB1005FAF22 /* DatePicker */,
				BA4AF56B1C3F5DB1005FAF22 /* DatePickerTests */,
				BA4AF5551C3F5DB1005FAF22 /* Products */,
			);
			sourceTree = "<group>";
		};
		BA4AF5551C3F5DB1005FAF22 /* Products */ = {
			isa = PBXGroup;
			children = (
				BA4AF5541C3F5DB1005FAF22 /* DatePicker.app */,
				BA4AF5681C3F5DB1005FAF22 /* DatePickerTests.xctest */,
			);
			name = Products;
			sourceTree = "<group>";
		};
		BA4AF5561C3F5DB1005FAF22 /* DatePicker */ = {
			isa = PBXGroup;
			children = (
				BA4AF5571C3F5DB1005FAF22 /* AppDelegate.swift */,
				BA4AF5591C3F5DB1005FAF22 /* ViewController.swift */,
				BA4AF5771C3F6272005FAF22 /* CounterViewController.swift */,
				BA4AF55B1C3F5DB1005FAF22 /* Main.storyboard */,
				BA4AF55E1C3F5DB1005FAF22 /* Assets.xcassets */,
				BA4AF5601C3F5DB1005FAF22 /* LaunchScreen.storyboard */,
				BA4AF5631C3F5DB1005FAF22 /* Info.plist */,
			);
			path = DatePicker;
			sourceTree = "<group>";
		};
		BA4AF56B1C3F5DB1005FAF22 /* DatePickerTests */ = {
			isa = PBXGroup;
			children = (
				BA4AF56C1C3F5DB1005FAF22 /* DatePickerTests.swift */,
				BA4AF56E1C3F5DB1005FAF22 /* Info.plist */,
			);
			path = DatePickerTests;
			sourceTree = "<group>";
		};
/* End PBXGroup section */

/* Begin PBXNativeTarget section */
		BA4AF5531C3F5DB1005FAF22 /* DatePicker */ = {
			isa = PBXNativeTarget;
			buildConfigurationList = BA4AF5711C3F5DB1005FAF22 /* Build configuration list for PBXNativeTarget "DatePicker" */;
			buildPhases = (
				BA4AF5501C3F5DB1005FAF22 /* Sources */,
				BA4AF5511C3F5DB1005FAF22 /* Frameworks */,
				BA4AF5521C3F5DB1005FAF22 /* Resources */,
			);
			buildRules = (
			);
			dependencies = (
			);
			name = DatePicker;
			productName = DatePicker;
			productReference = BA4AF5541C3F5DB1005FAF22 /* DatePicker.app */;
			productType = "com.apple.product-type.application";
		};
		BA4AF5671C3F5DB1005FAF22 /* DatePickerTests */ = {
			isa = PBXNativeTarget;
			buildConfigurationList = BA4AF5741C3F5DB1005FAF22 /* Build configuration list for PBXNativeTarget "DatePickerTests" */;
			buildPhases = (
				BA4AF5641C3F5DB1005FAF22 /* Sources */,
				BA4AF5651C3F5DB1005FAF22 /* Frameworks */,
				BA4AF5661C3F5DB1005FAF22 /* Resources */,
			);
			buildRules = (
			);
			dependencies = (
				BA4AF56A1C3F5DB1005FAF22 /* PBXTargetDependency */,
			);
			name = DatePickerTests;
			productName = DatePickerTests;
			productReference = BA4AF5681C3F5DB1005FAF22 /* DatePickerTests.xctest */;
			productType = "com.apple.product-type.bundle.unit-test";
		};
/* End PBXNativeTarget section */

/* Begin PBXProject section */
		BA4AF54C1C3F5DB1005FAF22 /* Project object */ = {
			isa = PBXProject;
			attributes = {
				LastSwiftUpdateCheck = 0720;
				LastUpgradeCheck = 0720;
				ORGANIZATIONNAME = lynn;
				TargetAttributes = {
					BA4AF5531C3F5DB1005FAF22 = {
						CreatedOnToolsVersion = 7.2;
					};
					BA4AF5671C3F5DB1005FAF22 = {
						CreatedOnToolsVersion = 7.2;
						TestTargetID = BA4AF5531C3F5DB1005FAF22;
					};
				};
			};
			buildConfigurationList = BA4AF54F1C3F5DB1005FAF22 /* Build configuration list for PBXProject "DatePicker" */;
			compatibilityVersion = "Xcode 3.2";
			developmentRegion = English;
			hasScannedForEncodings = 0;
			knownRegions = (
				en,
				Base,
			);
			mainGroup = BA4AF54B1C3F5DB1005FAF22;
			productRefGroup = BA4AF5551C3F5DB1005FAF22 /* Products */;
			projectDirPath = "";
			projectRoot = "";
			targets = (
				BA4AF5531C3F5DB1005FAF22 /* DatePicker */,
				BA4AF5671C3F5DB1005FAF22 /* DatePickerTests */,
			);
		};
/* End PBXProject section */

/* Begin PBXResourcesBuildPhase section */
		BA4AF5521C3F5DB1005FAF22 /* Resources */ = {
			isa = PBXResourcesBuildPhase;
			buildActionMask = 2147483647;
			files = (
				BA4AF5621C3F5DB1005FAF22 /* LaunchScreen.storyboard in Resources */,
				BA4AF55F1C3F5DB1005FAF22 /* Assets.xcassets in Resources */,
				BA4AF55D1C3F5DB1005FAF22 /* Main.storyboard in Resources */,
			);
			runOnlyForDeploymentPostprocessing = 0;
		};
		BA4AF5661C3F5DB1005FAF22 /* Resources */ = {
			isa = PBXResourcesBuildPhase;
			buildActionMask = 2147483647;
			files = (
			);
			runOnlyForDeploymentPostprocessing = 0;
		};
/* End PBXResourcesBuildPhase section */

/* Begin PBXSourcesBuildPhase section */
		BA4AF5501C3F5DB1005FAF22 /* Sources */ = {
			isa = PBXSourcesBuildPhase;
			buildActionMask = 2147483647;
			files = (
				BA4AF5781C3F6272005FAF22 /* CounterViewController.swift in Sources */,
				BA4AF55A1C3F5DB1005FAF22 /* ViewController.swift in Sources */,
				BA4AF5581C3F5DB1005FAF22 /* AppDelegate.swift in Sources */,
			);
			runOnlyForDeploymentPostprocessing = 0;
		};
		BA4AF5641C3F5DB1005FAF22 /* Sources */ = {
			isa = PBXSourcesBuildPhase;
			buildActionMask = 2147483647;
			files = (
				BA4AF56D1C3F5DB1005FAF22 /* DatePickerTests.swift in Sources */,
			);
			runOnlyForDeploymentPostprocessing = 0;
		};
/* End PBXSourcesBuildPhase section */

/* Begin PBXTargetDependency section */
		BA4AF56A1C3F5DB1005FAF22 /* PBXTargetDependency */ = {
			isa = PBXTargetDependency;
			target = BA4AF5531C3F5DB1005FAF22 /* DatePicker */;
			targetProxy = BA4AF5691C3F5DB1005FAF22 /* PBXContainerItemProxy */;
		};
/* End PBXTargetDependency section */

/* Begin PBXVariantGroup section */
		BA4AF55B1C3F5DB1005FAF22 /* Main.storyboard */ = {
			isa = PBXVariantGroup;
			children = (
				BA4AF55C1C3F5DB1005FAF22 /* Base */,
			);
			name = Main.storyboard;
			sourceTree = "<group>";
		};
		BA4AF5601C3F5DB1005FAF22 /* LaunchScreen.storyboard */ = {
			isa = PBXVariantGroup;
			children = (
				BA4AF5611C3F5DB1005FAF22 /* Base */,
			);
			name = LaunchScreen.storyboard;
			sourceTree = "<group>";
		};
/* End PBXVariantGroup section */

/* Begin XCBuildConfiguration section */
		BA4AF56F1C3F5DB1005FAF22 /* Debug */ = {
			isa = XCBuildConfiguration;
			buildSettings = {
				ALWAYS_SEARCH_USER_PATHS = NO;
				CLANG_CXX_LANGUAGE_STANDARD = "gnu++0x";
				CLANG_CXX_LIBRARY = "libc++";
				CLANG_ENABLE_MODULES = YES;
				CLANG_ENABLE_OBJC_ARC = YES;
				CLANG_WARN_BOOL_CONVERSION = YES;
				CLANG_WARN_CONSTANT_CONVERSION = YES;
				CLANG_WARN_DIRECT_OBJC_ISA_USAGE = YES_ERROR;
				CLANG_WARN_EMPTY_BODY = YES;
				CLANG_WARN_ENUM_CONVERSION = YES;
				CLANG_WARN_INT_CONVERSION = YES;
				CLANG_WARN_OBJC_ROOT_CLASS = YES_ERROR;
				CLANG_WARN_UNREACHABLE_CODE = YES;
				CLANG_WARN__DUPLICATE_METHOD_MATCH = YES;
				"CODE_SIGN_IDENTITY[sdk=iphoneos*]" = "iPhone Developer";
				COPY_PHASE_STRIP = NO;
				DEBUG_INFORMATION_FORMAT = dwarf;
				ENABLE_STRICT_OBJC_MSGSEND = YES;
				ENABLE_TESTABILITY = YES;
				GCC_C_LANGUAGE_STANDARD = gnu99;
				GCC_DYNAMIC_NO_PIC = NO;
				GCC_NO_COMMON_BLOCKS = YES;
				GCC_OPTIMIZATION_LEVEL = 0;
				GCC_PREPROCESSOR_DEFINITIONS = (
					"DEBUG=1",
					"$(inherited)",
				);
				GCC_WARN_64_TO_32_BIT_CONVERSION = YES;
				GCC_WARN_ABOUT_RETURN_TYPE = YES_ERROR;
				GCC_WARN_UNDECLARED_SELECTOR = YES;
				GCC_WARN_UNINITIALIZED_AUTOS = YES_AGGRESSIVE;
				GCC_WARN_UNUSED_FUNCTION = YES;
				GCC_WARN_UNUSED_VARIABLE = YES;
				IPHONEOS_DEPLOYMENT_TARGET = 9.2;
				MTL_ENABLE_DEBUG_INFO = YES;
				ONLY_ACTIVE_ARCH = YES;
				SDKROOT = iphoneos;
				SWIFT_OPTIMIZATION_LEVEL = "-Onone";
			};
			name = Debug;
		};
		BA4AF5701C3F5DB1005FAF22 /* Release */ = {
			isa = XCBuildConfiguration;
			buildSettings = {
				ALWAYS_SEARCH_USER_PATHS = NO;
				CLANG_CXX_LANGUAGE_STANDARD = "gnu++0x";
				CLANG_CXX_LIBRARY = "libc++";
				CLANG_ENABLE_MODULES = YES;
				CLANG_ENABLE_OBJC_ARC = YES;
				CLANG_WARN_BOOL_CONVERSION = YES;
				CLANG_WARN_CONSTANT_CONVERSION = YES;
				CLANG_WARN_DIRECT_OBJC_ISA_USAGE = YES_ERROR;
				CLANG_WARN_EMPTY_BODY = YES;
				CLANG_WARN_ENUM_CONVERSION = YES;
				CLANG_WARN_INT_CONVERSION = YES;
				CLANG_WARN_OBJC_ROOT_CLASS = YES_ERROR;
				CLANG_WARN_UNREACHABLE_CODE = YES;
				CLANG_WARN__DUPLICATE_METHOD_MATCH = YES;
				"CODE_SIGN_IDENTITY[sdk=iphoneos*]" = "iPhone Developer";
				COPY_PHASE_STRIP = NO;
				DEBUG_INFORMATION_FORMAT = "dwarf-with-dsym";
				ENABLE_NS_ASSERTIONS = NO;
				ENABLE_STRICT_OBJC_MSGSEND = YES;
				GCC_C_LANGUAGE_STANDARD = gnu99;
				GCC_NO_COMMON_BLOCKS = YES;
				GCC_WARN_64_TO_32_BIT_CONVERSION = YES;
				GCC_WARN_ABOUT_RETURN_TYPE = YES_ERROR;
				GCC_WARN_UNDECLARED_SELECTOR = YES;
				GCC_WARN_UNINITIALIZED_AUTOS = YES_AGGRESSIVE;
				GCC_WARN_UNUSED_FUNCTION = YES;
				GCC_WARN_UNUSED_VARIABLE = YES;
				IPHONEOS_DEPLOYMENT_TARGET = 9.2;
				MTL_ENABLE_DEBUG_INFO = NO;
				SDKROOT = iphoneos;
				VALIDATE_PRODUCT = YES;
			};
			name = Release;
		};
		BA4AF5721C3F5DB1005FAF22 /* Debug */ = {
			isa = XCBuildConfiguration;
			buildSettings = {
				ASSETCATALOG_COMPILER_APPICON_NAME = AppIcon;
				INFOPLIST_FILE = DatePicker/Info.plist;
				LD_RUNPATH_SEARCH_PATHS = "$(inherited) @executable_path/Frameworks";
				PRODUCT_BUNDLE_IDENTIFIER = lynn.ios.DatePicker;
				PRODUCT_NAME = "$(TARGET_NAME)";
			};
			name = Debug;
		};
		BA4AF5731C3F5DB1005FAF22 /* Release */ = {
			isa = XCBuildConfiguration;
			buildSettings = {
				ASSETCATALOG_COMPILER_APPICON_NAME = AppIcon;
				INFOPLIST_FILE = DatePicker/Info.plist;
				LD_RUNPATH_SEARCH_PATHS = "$(inherited) @executable_path/Frameworks";
				PRODUCT_BUNDLE_IDENTIFIER = lynn.ios.DatePicker;
				PRODUCT_NAME = "$(TARGET_NAME)";
			};
			name = Release;
		};
		BA4AF5751C3F5DB1005FAF22 /* Debug */ = {
			isa = XCBuildConfiguration;
			buildSettings = {
				BUNDLE_LOADER = "$(TEST_HOST)";
				INFOPLIST_FILE = DatePickerTests/Info.plist;
				LD_RUNPATH_SEARCH_PATHS = "$(inherited) @executable_path/Frameworks @loader_path/Frameworks";
				PRODUCT_BUNDLE_IDENTIFIER = lynn.ios.DatePickerTests;
				PRODUCT_NAME = "$(TARGET_NAME)";
				TEST_HOST = "$(BUILT_PRODUCTS_DIR)/DatePicker.app/DatePicker";
			};
			name = Debug;
		};
		BA4AF5761C3F5DB1005FAF22 /* Release */ = {
			isa = XCBuildConfiguration;
			buildSettings = {
				BUNDLE_LOADER = "$(TEST_HOST)";
				INFOPLIST_FILE = DatePickerTests/Info.plist;
				LD_RUNPATH_SEARCH_PATHS = "$(inherited) @executable_path/Frameworks @loader_path/Frameworks";
				PRODUCT_BUNDLE_IDENTIFIER = lynn.ios.DatePickerTests;
				PRODUCT_NAME = "$(TARGET_NAME)";
				TEST_HOST = "$(BUILT_PRODUCTS_DIR)/DatePicker.app/DatePicker";
			};
			name = Release;
		};
/* End XCBuildConfiguration section */

/* Begin XCConfigurationList section */
		BA4AF54F1C3F5DB1005FAF22 /* Build configuration list for PBXProject "DatePicker" */ = {
			isa = XCConfigurationList;
			buildConfigurations = (
				BA4AF56F1C3F5DB1005FAF22 /* Debug */,
				BA4AF5701C3F5DB1005FAF22 /* Release */,
			);
			defaultConfigurationIsVisible = 0;
			defaultConfigurationName = Release;
		};
		BA4AF5711C3F5DB1005FAF22 /* Build configuration list for PBXNativeTarget "DatePicker" */ = {
			isa = XCConfigurationList;
			buildConfigurations = (
				BA4AF5721C3F5DB1005FAF22 /* Debug */,
				BA4AF5731C3F5DB1005FAF22 /* Release */,
			);
			defaultConfigurationIsVisible = 0;
		};
		BA4AF5741C3F5DB1005FAF22 /* Build configuration list for PBXNativeTarget "DatePickerTests" */ = {
			isa = XCConfigurationList;
			buildConfigurations = (
				BA4AF5751C3F5DB1005FAF22 /* Debug */,
				BA4AF5761C3F5DB1005FAF22 /* Release */,
			);
			defaultConfigurationIsVisible = 0;
		};
/* End XCConfigurationList section */
	};
	rootObject = BA4AF54C1C3F5DB1005FAF22 /* Project object */;
}
