// !$*UTF8*$!
{
	archiveVersion = 1;
	classes = {
	};
	objectVersion = 46;
	objects = {

/* Begin PBXBuildFile section */
		BA1799E71C48C8A500700941 /* AppDelegate.swift in Sources */ = {isa = PBXBuildFile; fileRef = BA1799E61C48C8A500700941 /* AppDelegate.swift */; };
		BA1799E91C48C8A500700941 /* ViewController.swift in Sources */ = {isa = PBXBuildFile; fileRef = BA1799E81C48C8A500700941 /* ViewController.swift */; };
		BA1799EC1C48C8A500700941 /* Main.storyboard in Resources */ = {isa = PBXBuildFile; fileRef = BA1799EA1C48C8A500700941 /* Main.storyboard */; };
		BA1799EE1C48C8A500700941 /* Assets.xcassets in Resources */ = {isa = PBXBuildFile; fileRef = BA1799ED1C48C8A500700941 /* Assets.xcassets */; };
		BA1799F11C48C8A500700941 /* LaunchScreen.storyboard in Resources */ = {isa = PBXBuildFile; fileRef = BA1799EF1C48C8A500700941 /* LaunchScreen.storyboard */; };
		BA1799F91C4A189D00700941 /* MapKit.framework in Frameworks */ = {isa = PBXBuildFile; fileRef = BA1799F81C4A189D00700941 /* MapKit.framework */; };
		BA1799FB1C4A1FE400700941 /* MapViewController.swift in Sources */ = {isa = PBXBuildFile; fileRef = BA1799FA1C4A1FE400700941 /* MapViewController.swift */; };
		BAD2643A1C4B960C00B33C8E /* WebViewController.swift in Sources */ = {isa = PBXBuildFile; fileRef = BAD264391C4B960C00B33C8E /* WebViewController.swift */; };
		BAD264401C4C7CFB00B33C8E /* Localizable.strings in Resources */ = {isa = PBXBuildFile; fileRef = BAD264421C4C7CFB00B33C8E /* Localizable.strings */; };
/* End PBXBuildFile section */

/* Begin PBXFileReference section */
		BA1799E31C48C8A500700941 /* WorldTrotter.app */ = {isa = PBXFileReference; explicitFileType = wrapper.application; includeInIndex = 0; path = WorldTrotter.app; sourceTree = BUILT_PRODUCTS_DIR; };
		BA1799E61C48C8A500700941 /* AppDelegate.swift */ = {isa = PBXFileReference; lastKnownFileType = sourcecode.swift; path = AppDelegate.swift; sourceTree = "<group>"; };
		BA1799E81C48C8A500700941 /* ViewController.swift */ = {isa = PBXFileReference; lastKnownFileType = sourcecode.swift; path = ViewController.swift; sourceTree = "<group>"; };
		BA1799EB1C48C8A500700941 /* Base */ = {isa = PBXFileReference; lastKnownFileType = file.storyboard; name = Base; path = Base.lproj/Main.storyboard; sourceTree = "<group>"; };
		BA1799ED1C48C8A500700941 /* Assets.xcassets */ = {isa = PBXFileReference; lastKnownFileType = folder.assetcatalog; path = Assets.xcassets; sourceTree = "<group>"; };
		BA1799F01C48C8A500700941 /* Base */ = {isa = PBXFileReference; lastKnownFileType = file.storyboard; name = Base; path = Base.lproj/LaunchScreen.storyboard; sourceTree = "<group>"; };
		BA1799F21C48C8A500700941 /* Info.plist */ = {isa = PBXFileReference; lastKnownFileType = text.plist.xml; path = Info.plist; sourceTree = "<group>"; };
		BA1799F81C4A189D00700941 /* MapKit.framework */ = {isa = PBXFileReference; lastKnownFileType = wrapper.framework; name = MapKit.framework; path = System/Library/Frameworks/MapKit.framework; sourceTree = SDKROOT; };
		BA1799FA1C4A1FE400700941 /* MapViewController.swift */ = {isa = PBXFileReference; fileEncoding = 4; lastKnownFileType = sourcecode.swift; path = MapViewController.swift; sourceTree = "<group>"; };
		BAD264391C4B960C00B33C8E /* WebViewController.swift */ = {isa = PBXFileReference; fileEncoding = 4; lastKnownFileType = sourcecode.swift; path = WebViewController.swift; sourceTree = "<group>"; };
		BAD2643C1C4BB66400B33C8E /* en */ = {isa = PBXFileReference; lastKnownFileType = text.plist.strings; name = en; path = en.lproj/Main.strings; sourceTree = "<group>"; };
		BAD2643D1C4BB77200B33C8E /* es */ = {isa = PBXFileReference; lastKnownFileType = text.plist.strings; name = es; path = es.lproj/Main.strings; sourceTree = "<group>"; };
		BAD264411C4C7CFB00B33C8E /* Base */ = {isa = PBXFileReference; lastKnownFileType = text.plist.strings; name = Base; path = Base.lproj/Localizable.strings; sourceTree = "<group>"; };
		BAD264431C4C7D0500B33C8E /* en */ = {isa = PBXFileReference; lastKnownFileType = text.plist.strings; name = en; path = en.lproj/Localizable.strings; sourceTree = "<group>"; };
		BAD264441C4C7D0600B33C8E /* es */ = {isa = PBXFileReference; lastKnownFileType = text.plist.strings; name = es; path = es.lproj/Localizable.strings; sourceTree = "<group>"; };
/* End PBXFileReference section */

/* Begin PBXFrameworksBuildPhase section */
		BA1799E01C48C8A500700941 /* Frameworks */ = {
			isa = PBXFrameworksBuildPhase;
			buildActionMask = 2147483647;
			files = (
				BA1799F91C4A189D00700941 /* MapKit.framework in Frameworks */,
			);
			runOnlyForDeploymentPostprocessing = 0;
		};
/* End PBXFrameworksBuildPhase section */

/* Begin PBXGroup section */
		BA1799DA1C48C8A500700941 = {
			isa = PBXGroup;
			children = (
				BA1799F81C4A189D00700941 /* MapKit.framework */,
				BA1799E51C48C8A500700941 /* WorldTrotter */,
				BA1799E41C48C8A500700941 /* Products */,
			);
			sourceTree = "<group>";
		};
		BA1799E41C48C8A500700941 /* Products */ = {
			isa = PBXGroup;
			children = (
				BA1799E31C48C8A500700941 /* WorldTrotter.app */,
			);
			name = Products;
			sourceTree = "<group>";
		};
		BA1799E51C48C8A500700941 /* WorldTrotter */ = {
			isa = PBXGroup;
			children = (
				BAD264421C4C7CFB00B33C8E /* Localizable.strings */,
				BA1799E61C48C8A500700941 /* AppDelegate.swift */,
				BA1799E81C48C8A500700941 /* ViewController.swift */,
				BA1799EA1C48C8A500700941 /* Main.storyboard */,
				BA1799ED1C48C8A500700941 /* Assets.xcassets */,
				BA1799EF1C48C8A500700941 /* LaunchScreen.storyboard */,
				BA1799F21C48C8A500700941 /* Info.plist */,
				BA1799FA1C4A1FE400700941 /* MapViewController.swift */,
				BAD264391C4B960C00B33C8E /* WebViewController.swift */,
			);
			path = WorldTrotter;
			sourceTree = "<group>";
		};
/* End PBXGroup section */

/* Begin PBXNativeTarget section */
		BA1799E21C48C8A500700941 /* WorldTrotter */ = {
			isa = PBXNativeTarget;
			buildConfigurationList = BA1799F51C48C8A500700941 /* Build configuration list for PBXNativeTarget "WorldTrotter" */;
			buildPhases = (
				BA1799DF1C48C8A500700941 /* Sources */,
				BA1799E01C48C8A500700941 /* Frameworks */,
				BA1799E11C48C8A500700941 /* Resources */,
			);
			buildRules = (
			);
			dependencies = (
			);
			name = WorldTrotter;
			productName = WorldTrotter;
			productReference = BA1799E31C48C8A500700941 /* WorldTrotter.app */;
			productType = "com.apple.product-type.application";
		};
/* End PBXNativeTarget section */

/* Begin PBXProject section */
		BA1799DB1C48C8A500700941 /* Project object */ = {
			isa = PBXProject;
			attributes = {
				LastSwiftUpdateCheck = 0720;
				LastUpgradeCheck = 0720;
				ORGANIZATIONNAME = green;
				TargetAttributes = {
					BA1799E21C48C8A500700941 = {
						CreatedOnToolsVersion = 7.2;
					};
				};
			};
			buildConfigurationList = BA1799DE1C48C8A500700941 /* Build configuration list for PBXProject "WorldTrotter" */;
			compatibilityVersion = "Xcode 3.2";
			developmentRegion = English;
			hasScannedForEncodings = 0;
			knownRegions = (
				en,
				Base,
				es,
			);
			mainGroup = BA1799DA1C48C8A500700941;
			productRefGroup = BA1799E41C48C8A500700941 /* Products */;
			projectDirPath = "";
			projectRoot = "";
			targets = (
				BA1799E21C48C8A500700941 /* WorldTrotter */,
			);
		};
/* End PBXProject section */

/* Begin PBXResourcesBuildPhase section */
		BA1799E11C48C8A500700941 /* Resources */ = {
			isa = PBXResourcesBuildPhase;
			buildActionMask = 2147483647;
			files = (
				BA1799F11C48C8A500700941 /* LaunchScreen.storyboard in Resources */,
				BAD264401C4C7CFB00B33C8E /* Localizable.strings in Resources */,
				BA1799EE1C48C8A500700941 /* Assets.xcassets in Resources */,
				BA1799EC1C48C8A500700941 /* Main.storyboard in Resources */,
			);
			runOnlyForDeploymentPostprocessing = 0;
		};
/* End PBXResourcesBuildPhase section */

/* Begin PBXSourcesBuildPhase section */
		BA1799DF1C48C8A500700941 /* Sources */ = {
			isa = PBXSourcesBuildPhase;
			buildActionMask = 2147483647;
			files = (
				BA1799E91C48C8A500700941 /* ViewController.swift in Sources */,
				BA1799FB1C4A1FE400700941 /* MapViewController.swift in Sources */,
				BA1799E71C48C8A500700941 /* AppDelegate.swift in Sources */,
				BAD2643A1C4B960C00B33C8E /* WebViewController.swift in Sources */,
			);
			runOnlyForDeploymentPostprocessing = 0;
		};
/* End PBXSourcesBuildPhase section */

/* Begin PBXVariantGroup section */
		BA1799EA1C48C8A500700941 /* Main.storyboard */ = {
			isa = PBXVariantGroup;
			children = (
				BA1799EB1C48C8A500700941 /* Base */,
				BAD2643C1C4BB66400B33C8E /* en */,
				BAD2643D1C4BB77200B33C8E /* es */,
			);
			name = Main.storyboard;
			sourceTree = "<group>";
		};
		BA1799EF1C48C8A500700941 /* LaunchScreen.storyboard */ = {
			isa = PBXVariantGroup;
			children = (
				BA1799F01C48C8A500700941 /* Base */,
			);
			name = LaunchScreen.storyboard;
			sourceTree = "<group>";
		};
		BAD264421C4C7CFB00B33C8E /* Localizable.strings */ = {
			isa = PBXVariantGroup;
			children = (
				BAD264411C4C7CFB00B33C8E /* Base */,
				BAD264431C4C7D0500B33C8E /* en */,
				BAD264441C4C7D0600B33C8E /* es */,
			);
			name = Localizable.strings;
			sourceTree = "<group>";
		};
/* End PBXVariantGroup section */

/* Begin XCBuildConfiguration section */
		BA1799F31C48C8A500700941 /* Debug */ = {
			isa = XCBuildConfiguration;
			buildSettings = {
				ALWAYS_SEARCH_USER_PATHS = NO;
				CLANG_CXX_LANGUAGE_STANDARD = "gnu++0x";
				CLANG_CXX_LIBRARY = "libc++";
				CLANG_ENABLE_MODULES = YES;
				CLANG_ENABLE_OBJC_ARC = YES;
				CLANG_WARN_BOOL_CONVERSION = YES;
				CLANG_WARN_CONSTANT_CONVERSION = YES;
				CLANG_WARN_DIRECT_OBJC_ISA_USAGE = YES_ERROR;
				CLANG_WARN_EMPTY_BODY = YES;
				CLANG_WARN_ENUM_CONVERSION = YES;
				CLANG_WARN_INT_CONVERSION = YES;
				CLANG_WARN_OBJC_ROOT_CLASS = YES_ERROR;
				CLANG_WARN_UNREACHABLE_CODE = YES;
				CLANG_WARN__DUPLICATE_METHOD_MATCH = YES;
				"CODE_SIGN_IDENTITY[sdk=iphoneos*]" = "iPhone Developer";
				COPY_PHASE_STRIP = NO;
				DEBUG_INFORMATION_FORMAT = dwarf;
				ENABLE_STRICT_OBJC_MSGSEND = YES;
				ENABLE_TESTABILITY = YES;
				GCC_C_LANGUAGE_STANDARD = gnu99;
				GCC_DYNAMIC_NO_PIC = NO;
				GCC_NO_COMMON_BLOCKS = YES;
				GCC_OPTIMIZATION_LEVEL = 0;
				GCC_PREPROCESSOR_DEFINITIONS = (
					"DEBUG=1",
					"$(inherited)",
				);
				GCC_WARN_64_TO_32_BIT_CONVERSION = YES;
				GCC_WARN_ABOUT_RETURN_TYPE = YES_ERROR;
				GCC_WARN_UNDECLARED_SELECTOR = YES;
				GCC_WARN_UNINITIALIZED_AUTOS = YES_AGGRESSIVE;
				GCC_WARN_UNUSED_FUNCTION = YES;
				GCC_WARN_UNUSED_VARIABLE = YES;
				IPHONEOS_DEPLOYMENT_TARGET = 9.2;
				MTL_ENABLE_DEBUG_INFO = YES;
				ONLY_ACTIVE_ARCH = YES;
				SDKROOT = iphoneos;
				SWIFT_OPTIMIZATION_LEVEL = "-Onone";
			};
			name = Debug;
		};
		BA1799F41C48C8A500700941 /* Release */ = {
			isa = XCBuildConfiguration;
			buildSettings = {
				ALWAYS_SEARCH_USER_PATHS = NO;
				CLANG_CXX_LANGUAGE_STANDARD = "gnu++0x";
				CLANG_CXX_LIBRARY = "libc++";
				CLANG_ENABLE_MODULES = YES;
				CLANG_ENABLE_OBJC_ARC = YES;
				CLANG_WARN_BOOL_CONVERSION = YES;
				CLANG_WARN_CONSTANT_CONVERSION = YES;
				CLANG_WARN_DIRECT_OBJC_ISA_USAGE = YES_ERROR;
				CLANG_WARN_EMPTY_BODY = YES;
				CLANG_WARN_ENUM_CONVERSION = YES;
				CLANG_WARN_INT_CONVERSION = YES;
				CLANG_WARN_OBJC_ROOT_CLASS = YES_ERROR;
				CLANG_WARN_UNREACHABLE_CODE = YES;
				CLANG_WARN__DUPLICATE_METHOD_MATCH = YES;
				"CODE_SIGN_IDENTITY[sdk=iphoneos*]" = "iPhone Developer";
				COPY_PHASE_STRIP = NO;
				DEBUG_INFORMATION_FORMAT = "dwarf-with-dsym";
				ENABLE_NS_ASSERTIONS = NO;
				ENABLE_STRICT_OBJC_MSGSEND = YES;
				GCC_C_LANGUAGE_STANDARD = gnu99;
				GCC_NO_COMMON_BLOCKS = YES;
				GCC_WARN_64_TO_32_BIT_CONVERSION = YES;
				GCC_WARN_ABOUT_RETURN_TYPE = YES_ERROR;
				GCC_WARN_UNDECLARED_SELECTOR = YES;
				GCC_WARN_UNINITIALIZED_AUTOS = YES_AGGRESSIVE;
				GCC_WARN_UNUSED_FUNCTION = YES;
				GCC_WARN_UNUSED_VARIABLE = YES;
				IPHONEOS_DEPLOYMENT_TARGET = 9.2;
				MTL_ENABLE_DEBUG_INFO = NO;
				SDKROOT = iphoneos;
				VALIDATE_PRODUCT = YES;
			};
			name = Release;
		};
		BA1799F61C48C8A500700941 /* Debug */ = {
			isa = XCBuildConfiguration;
			buildSettings = {
				ASSETCATALOG_COMPILER_APPICON_NAME = AppIcon;
				INFOPLIST_FILE = WorldTrotter/Info.plist;
				LD_RUNPATH_SEARCH_PATHS = "$(inherited) @executable_path/Frameworks";
				PRODUCT_BUNDLE_IDENTIFIER = lynn.ios.WorldTrotter;
				PRODUCT_NAME = "$(TARGET_NAME)";
			};
			name = Debug;
		};
		BA1799F71C48C8A500700941 /* Release */ = {
			isa = XCBuildConfiguration;
			buildSettings = {
				ASSETCATALOG_COMPILER_APPICON_NAME = AppIcon;
				INFOPLIST_FILE = WorldTrotter/Info.plist;
				LD_RUNPATH_SEARCH_PATHS = "$(inherited) @executable_path/Frameworks";
				PRODUCT_BUNDLE_IDENTIFIER = lynn.ios.WorldTrotter;
				PRODUCT_NAME = "$(TARGET_NAME)";
			};
			name = Release;
		};
/* End XCBuildConfiguration section */

/* Begin XCConfigurationList section */
		BA1799DE1C48C8A500700941 /* Build configuration list for PBXProject "WorldTrotter" */ = {
			isa = XCConfigurationList;
			buildConfigurations = (
				BA1799F31C48C8A500700941 /* Debug */,
				BA1799F41C48C8A500700941 /* Release */,
			);
			defaultConfigurationIsVisible = 0;
			defaultConfigurationName = Release;
		};
		BA1799F51C48C8A500700941 /* Build configuration list for PBXNativeTarget "WorldTrotter" */ = {
			isa = XCConfigurationList;
			buildConfigurations = (
				BA1799F61C48C8A500700941 /* Debug */,
				BA1799F71C48C8A500700941 /* Release */,
			);
			defaultConfigurationIsVisible = 0;
			defaultConfigurationName = Release;
		};
/* End XCConfigurationList section */
	};
	rootObject = BA1799DB1C48C8A500700941 /* Project object */;
}
