// !$*UTF8*$!
{
	archiveVersion = 1;
	classes = {
	};
	objectVersion = 46;
	objects = {

/* Begin PBXBuildFile section */
		BAAF57301C44929A00AB88AB /* AppDelegate.swift in Sources */ = {isa = PBXBuildFile; fileRef = BAAF572F1C44929A00AB88AB /* AppDelegate.swift */; };
		BAAF57321C44929A00AB88AB /* ViewController.swift in Sources */ = {isa = PBXBuildFile; fileRef = BAAF57311C44929A00AB88AB /* ViewController.swift */; };
		BAAF57351C44929A00AB88AB /* Main.storyboard in Resources */ = {isa = PBXBuildFile; fileRef = BAAF57331C44929A00AB88AB /* Main.storyboard */; };
		BAAF57371C44929A00AB88AB /* Assets.xcassets in Resources */ = {isa = PBXBuildFile; fileRef = BAAF57361C44929A00AB88AB /* Assets.xcassets */; };
		BAAF573A1C44929A00AB88AB /* LaunchScreen.storyboard in Resources */ = {isa = PBXBuildFile; fileRef = BAAF57381C44929A00AB88AB /* LaunchScreen.storyboard */; };
		BAAF57451C44929A00AB88AB /* AutoLayoutSample1Tests.swift in Sources */ = {isa = PBXBuildFile; fileRef = BAAF57441C44929A00AB88AB /* AutoLayoutSample1Tests.swift */; };
/* End PBXBuildFile section */

/* Begin PBXContainerItemProxy section */
		BAAF57411C44929A00AB88AB /* PBXContainerItemProxy */ = {
			isa = PBXContainerItemProxy;
			containerPortal = BAAF57241C44929A00AB88AB /* Project object */;
			proxyType = 1;
			remoteGlobalIDString = BAAF572B1C44929A00AB88AB;
			remoteInfo = AutoLayoutSample1;
		};
/* End PBXContainerItemProxy section */

/* Begin PBXFileReference section */
		BAAF572C1C44929A00AB88AB /* AutoLayoutSample1.app */ = {isa = PBXFileReference; explicitFileType = wrapper.application; includeInIndex = 0; path = AutoLayoutSample1.app; sourceTree = BUILT_PRODUCTS_DIR; };
		BAAF572F1C44929A00AB88AB /* AppDelegate.swift */ = {isa = PBXFileReference; lastKnownFileType = sourcecode.swift; path = AppDelegate.swift; sourceTree = "<group>"; };
		BAAF57311C44929A00AB88AB /* ViewController.swift */ = {isa = PBXFileReference; lastKnownFileType = sourcecode.swift; path = ViewController.swift; sourceTree = "<group>"; };
		BAAF57341C44929A00AB88AB /* Base */ = {isa = PBXFileReference; lastKnownFileType = file.storyboard; name = Base; path = Base.lproj/Main.storyboard; sourceTree = "<group>"; };
		BAAF57361C44929A00AB88AB /* Assets.xcassets */ = {isa = PBXFileReference; lastKnownFileType = folder.assetcatalog; path = Assets.xcassets; sourceTree = "<group>"; };
		BAAF57391C44929A00AB88AB /* Base */ = {isa = PBXFileReference; lastKnownFileType = file.storyboard; name = Base; path = Base.lproj/LaunchScreen.storyboard; sourceTree = "<group>"; };
		BAAF573B1C44929A00AB88AB /* Info.plist */ = {isa = PBXFileReference; lastKnownFileType = text.plist.xml; path = Info.plist; sourceTree = "<group>"; };
		BAAF57401C44929A00AB88AB /* AutoLayoutSample1Tests.xctest */ = {isa = PBXFileReference; explicitFileType = wrapper.cfbundle; includeInIndex = 0; path = AutoLayoutSample1Tests.xctest; sourceTree = BUILT_PRODUCTS_DIR; };
		BAAF57441C44929A00AB88AB /* AutoLayoutSample1Tests.swift */ = {isa = PBXFileReference; lastKnownFileType = sourcecode.swift; path = AutoLayoutSample1Tests.swift; sourceTree = "<group>"; };
		BAAF57461C44929A00AB88AB /* Info.plist */ = {isa = PBXFileReference; lastKnownFileType = text.plist.xml; path = Info.plist; sourceTree = "<group>"; };
/* End PBXFileReference section */

/* Begin PBXFrameworksBuildPhase section */
		BAAF57291C44929A00AB88AB /* Frameworks */ = {
			isa = PBXFrameworksBuildPhase;
			buildActionMask = 2147483647;
			files = (
			);
			runOnlyForDeploymentPostprocessing = 0;
		};
		BAAF573D1C44929A00AB88AB /* Frameworks */ = {
			isa = PBXFrameworksBuildPhase;
			buildActionMask = 2147483647;
			files = (
			);
			runOnlyForDeploymentPostprocessing = 0;
		};
/* End PBXFrameworksBuildPhase section */

/* Begin PBXGroup section */
		BAAF57231C44929A00AB88AB = {
			isa = PBXGroup;
			children = (
				BAAF572E1C44929A00AB88AB /* AutoLayoutSample1 */,
				BAAF57431C44929A00AB88AB /* AutoLayoutSample1Tests */,
				BAAF572D1C44929A00AB88AB /* Products */,
			);
			sourceTree = "<group>";
		};
		BAAF572D1C44929A00AB88AB /* Products */ = {
			isa = PBXGroup;
			children = (
				BAAF572C1C44929A00AB88AB /* AutoLayoutSample1.app */,
				BAAF57401C44929A00AB88AB /* AutoLayoutSample1Tests.xctest */,
			);
			name = Products;
			sourceTree = "<group>";
		};
		BAAF572E1C44929A00AB88AB /* AutoLayoutSample1 */ = {
			isa = PBXGroup;
			children = (
				BAAF572F1C44929A00AB88AB /* AppDelegate.swift */,
				BAAF57311C44929A00AB88AB /* ViewController.swift */,
				BAAF57331C44929A00AB88AB /* Main.storyboard */,
				BAAF57361C44929A00AB88AB /* Assets.xcassets */,
				BAAF57381C44929A00AB88AB /* LaunchScreen.storyboard */,
				BAAF573B1C44929A00AB88AB /* Info.plist */,
			);
			path = AutoLayoutSample1;
			sourceTree = "<group>";
		};
		BAAF57431C44929A00AB88AB /* AutoLayoutSample1Tests */ = {
			isa = PBXGroup;
			children = (
				BAAF57441C44929A00AB88AB /* AutoLayoutSample1Tests.swift */,
				BAAF57461C44929A00AB88AB /* Info.plist */,
			);
			path = AutoLayoutSample1Tests;
			sourceTree = "<group>";
		};
/* End PBXGroup section */

/* Begin PBXNativeTarget section */
		BAAF572B1C44929A00AB88AB /* AutoLayoutSample1 */ = {
			isa = PBXNativeTarget;
			buildConfigurationList = BAAF57491C44929A00AB88AB /* Build configuration list for PBXNativeTarget "AutoLayoutSample1" */;
			buildPhases = (
				BAAF57281C44929A00AB88AB /* Sources */,
				BAAF57291C44929A00AB88AB /* Frameworks */,
				BAAF572A1C44929A00AB88AB /* Resources */,
			);
			buildRules = (
			);
			dependencies = (
			);
			name = AutoLayoutSample1;
			productName = AutoLayoutSample1;
			productReference = BAAF572C1C44929A00AB88AB /* AutoLayoutSample1.app */;
			productType = "com.apple.product-type.application";
		};
		BAAF573F1C44929A00AB88AB /* AutoLayoutSample1Tests */ = {
			isa = PBXNativeTarget;
			buildConfigurationList = BAAF574C1C44929A00AB88AB /* Build configuration list for PBXNativeTarget "AutoLayoutSample1Tests" */;
			buildPhases = (
				BAAF573C1C44929A00AB88AB /* Sources */,
				BAAF573D1C44929A00AB88AB /* Frameworks */,
				BAAF573E1C44929A00AB88AB /* Resources */,
			);
			buildRules = (
			);
			dependencies = (
				BAAF57421C44929A00AB88AB /* PBXTargetDependency */,
			);
			name = AutoLayoutSample1Tests;
			productName = AutoLayoutSample1Tests;
			productReference = BAAF57401C44929A00AB88AB /* AutoLayoutSample1Tests.xctest */;
			productType = "com.apple.product-type.bundle.unit-test";
		};
/* End PBXNativeTarget section */

/* Begin PBXProject section */
		BAAF57241C44929A00AB88AB /* Project object */ = {
			isa = PBXProject;
			attributes = {
				LastSwiftUpdateCheck = 0720;
				LastUpgradeCheck = 0720;
				ORGANIZATIONNAME = lynn;
				TargetAttributes = {
					BAAF572B1C44929A00AB88AB = {
						CreatedOnToolsVersion = 7.2;
					};
					BAAF573F1C44929A00AB88AB = {
						CreatedOnToolsVersion = 7.2;
						TestTargetID = BAAF572B1C44929A00AB88AB;
					};
				};
			};
			buildConfigurationList = BAAF57271C44929A00AB88AB /* Build configuration list for PBXProject "AutoLayoutSample1" */;
			compatibilityVersion = "Xcode 3.2";
			developmentRegion = English;
			hasScannedForEncodings = 0;
			knownRegions = (
				en,
				Base,
			);
			mainGroup = BAAF57231C44929A00AB88AB;
			productRefGroup = BAAF572D1C44929A00AB88AB /* Products */;
			projectDirPath = "";
			projectRoot = "";
			targets = (
				BAAF572B1C44929A00AB88AB /* AutoLayoutSample1 */,
				BAAF573F1C44929A00AB88AB /* AutoLayoutSample1Tests */,
			);
		};
/* End PBXProject section */

/* Begin PBXResourcesBuildPhase section */
		BAAF572A1C44929A00AB88AB /* Resources */ = {
			isa = PBXResourcesBuildPhase;
			buildActionMask = 2147483647;
			files = (
				BAAF573A1C44929A00AB88AB /* LaunchScreen.storyboard in Resources */,
				BAAF57371C44929A00AB88AB /* Assets.xcassets in Resources */,
				BAAF57351C44929A00AB88AB /* Main.storyboard in Resources */,
			);
			runOnlyForDeploymentPostprocessing = 0;
		};
		BAAF573E1C44929A00AB88AB /* Resources */ = {
			isa = PBXResourcesBuildPhase;
			buildActionMask = 2147483647;
			files = (
			);
			runOnlyForDeploymentPostprocessing = 0;
		};
/* End PBXResourcesBuildPhase section */

/* Begin PBXSourcesBuildPhase section */
		BAAF57281C44929A00AB88AB /* Sources */ = {
			isa = PBXSourcesBuildPhase;
			buildActionMask = 2147483647;
			files = (
				BAAF57321C44929A00AB88AB /* ViewController.swift in Sources */,
				BAAF57301C44929A00AB88AB /* AppDelegate.swift in Sources */,
			);
			runOnlyForDeploymentPostprocessing = 0;
		};
		BAAF573C1C44929A00AB88AB /* Sources */ = {
			isa = PBXSourcesBuildPhase;
			buildActionMask = 2147483647;
			files = (
				BAAF57451C44929A00AB88AB /* AutoLayoutSample1Tests.swift in Sources */,
			);
			runOnlyForDeploymentPostprocessing = 0;
		};
/* End PBXSourcesBuildPhase section */

/* Begin PBXTargetDependency section */
		BAAF57421C44929A00AB88AB /* PBXTargetDependency */ = {
			isa = PBXTargetDependency;
			target = BAAF572B1C44929A00AB88AB /* AutoLayoutSample1 */;
			targetProxy = BAAF57411C44929A00AB88AB /* PBXContainerItemProxy */;
		};
/* End PBXTargetDependency section */

/* Begin PBXVariantGroup section */
		BAAF57331C44929A00AB88AB /* Main.storyboard */ = {
			isa = PBXVariantGroup;
			children = (
				BAAF57341C44929A00AB88AB /* Base */,
			);
			name = Main.storyboard;
			sourceTree = "<group>";
		};
		BAAF57381C44929A00AB88AB /* LaunchScreen.storyboard */ = {
			isa = PBXVariantGroup;
			children = (
				BAAF57391C44929A00AB88AB /* Base */,
			);
			name = LaunchScreen.storyboard;
			sourceTree = "<group>";
		};
/* End PBXVariantGroup section */

/* Begin XCBuildConfiguration section */
		BAAF57471C44929A00AB88AB /* Debug */ = {
			isa = XCBuildConfiguration;
			buildSettings = {
				ALWAYS_SEARCH_USER_PATHS = NO;
				CLANG_CXX_LANGUAGE_STANDARD = "gnu++0x";
				CLANG_CXX_LIBRARY = "libc++";
				CLANG_ENABLE_MODULES = YES;
				CLANG_ENABLE_OBJC_ARC = YES;
				CLANG_WARN_BOOL_CONVERSION = YES;
				CLANG_WARN_CONSTANT_CONVERSION = YES;
				CLANG_WARN_DIRECT_OBJC_ISA_USAGE = YES_ERROR;
				CLANG_WARN_EMPTY_BODY = YES;
				CLANG_WARN_ENUM_CONVERSION = YES;
				CLANG_WARN_INT_CONVERSION = YES;
				CLANG_WARN_OBJC_ROOT_CLASS = YES_ERROR;
				CLANG_WARN_UNREACHABLE_CODE = YES;
				CLANG_WARN__DUPLICATE_METHOD_MATCH = YES;
				"CODE_SIGN_IDENTITY[sdk=iphoneos*]" = "iPhone Developer";
				COPY_PHASE_STRIP = NO;
				DEBUG_INFORMATION_FORMAT = dwarf;
				ENABLE_STRICT_OBJC_MSGSEND = YES;
				ENABLE_TESTABILITY = YES;
				GCC_C_LANGUAGE_STANDARD = gnu99;
				GCC_DYNAMIC_NO_PIC = NO;
				GCC_NO_COMMON_BLOCKS = YES;
				GCC_OPTIMIZATION_LEVEL = 0;
				GCC_PREPROCESSOR_DEFINITIONS = (
					"DEBUG=1",
					"$(inherited)",
				);
				GCC_WARN_64_TO_32_BIT_CONVERSION = YES;
				GCC_WARN_ABOUT_RETURN_TYPE = YES_ERROR;
				GCC_WARN_UNDECLARED_SELECTOR = YES;
				GCC_WARN_UNINITIALIZED_AUTOS = YES_AGGRESSIVE;
				GCC_WARN_UNUSED_FUNCTION = YES;
				GCC_WARN_UNUSED_VARIABLE = YES;
				IPHONEOS_DEPLOYMENT_TARGET = 9.2;
				MTL_ENABLE_DEBUG_INFO = YES;
				ONLY_ACTIVE_ARCH = YES;
				SDKROOT = iphoneos;
				SWIFT_OPTIMIZATION_LEVEL = "-Onone";
			};
			name = Debug;
		};
		BAAF57481C44929A00AB88AB /* Release */ = {
			isa = XCBuildConfiguration;
			buildSettings = {
				ALWAYS_SEARCH_USER_PATHS = NO;
				CLANG_CXX_LANGUAGE_STANDARD = "gnu++0x";
				CLANG_CXX_LIBRARY = "libc++";
				CLANG_ENABLE_MODULES = YES;
				CLANG_ENABLE_OBJC_ARC = YES;
				CLANG_WARN_BOOL_CONVERSION = YES;
				CLANG_WARN_CONSTANT_CONVERSION = YES;
				CLANG_WARN_DIRECT_OBJC_ISA_USAGE = YES_ERROR;
				CLANG_WARN_EMPTY_BODY = YES;
				CLANG_WARN_ENUM_CONVERSION = YES;
				CLANG_WARN_INT_CONVERSION = YES;
				CLANG_WARN_OBJC_ROOT_CLASS = YES_ERROR;
				CLANG_WARN_UNREACHABLE_CODE = YES;
				CLANG_WARN__DUPLICATE_METHOD_MATCH = YES;
				"CODE_SIGN_IDENTITY[sdk=iphoneos*]" = "iPhone Developer";
				COPY_PHASE_STRIP = NO;
				DEBUG_INFORMATION_FORMAT = "dwarf-with-dsym";
				ENABLE_NS_ASSERTIONS = NO;
				ENABLE_STRICT_OBJC_MSGSEND = YES;
				GCC_C_LANGUAGE_STANDARD = gnu99;
				GCC_NO_COMMON_BLOCKS = YES;
				GCC_WARN_64_TO_32_BIT_CONVERSION = YES;
				GCC_WARN_ABOUT_RETURN_TYPE = YES_ERROR;
				GCC_WARN_UNDECLARED_SELECTOR = YES;
				GCC_WARN_UNINITIALIZED_AUTOS = YES_AGGRESSIVE;
				GCC_WARN_UNUSED_FUNCTION = YES;
				GCC_WARN_UNUSED_VARIABLE = YES;
				IPHONEOS_DEPLOYMENT_TARGET = 9.2;
				MTL_ENABLE_DEBUG_INFO = NO;
				SDKROOT = iphoneos;
				VALIDATE_PRODUCT = YES;
			};
			name = Release;
		};
		BAAF574A1C44929A00AB88AB /* Debug */ = {
			isa = XCBuildConfiguration;
			buildSettings = {
				ASSETCATALOG_COMPILER_APPICON_NAME = AppIcon;
				INFOPLIST_FILE = AutoLayoutSample1/Info.plist;
				LD_RUNPATH_SEARCH_PATHS = "$(inherited) @executable_path/Frameworks";
				PRODUCT_BUNDLE_IDENTIFIER = lynn.ios.AutoLayoutSample1;
				PRODUCT_NAME = "$(TARGET_NAME)";
			};
			name = Debug;
		};
		BAAF574B1C44929A00AB88AB /* Release */ = {
			isa = XCBuildConfiguration;
			buildSettings = {
				ASSETCATALOG_COMPILER_APPICON_NAME = AppIcon;
				INFOPLIST_FILE = AutoLayoutSample1/Info.plist;
				LD_RUNPATH_SEARCH_PATHS = "$(inherited) @executable_path/Frameworks";
				PRODUCT_BUNDLE_IDENTIFIER = lynn.ios.AutoLayoutSample1;
				PRODUCT_NAME = "$(TARGET_NAME)";
			};
			name = Release;
		};
		BAAF574D1C44929A00AB88AB /* Debug */ = {
			isa = XCBuildConfiguration;
			buildSettings = {
				BUNDLE_LOADER = "$(TEST_HOST)";
				INFOPLIST_FILE = AutoLayoutSample1Tests/Info.plist;
				LD_RUNPATH_SEARCH_PATHS = "$(inherited) @executable_path/Frameworks @loader_path/Frameworks";
				PRODUCT_BUNDLE_IDENTIFIER = lynn.ios.AutoLayoutSample1Tests;
				PRODUCT_NAME = "$(TARGET_NAME)";
				TEST_HOST = "$(BUILT_PRODUCTS_DIR)/AutoLayoutSample1.app/AutoLayoutSample1";
			};
			name = Debug;
		};
		BAAF574E1C44929A00AB88AB /* Release */ = {
			isa = XCBuildConfiguration;
			buildSettings = {
				BUNDLE_LOADER = "$(TEST_HOST)";
				INFOPLIST_FILE = AutoLayoutSample1Tests/Info.plist;
				LD_RUNPATH_SEARCH_PATHS = "$(inherited) @executable_path/Frameworks @loader_path/Frameworks";
				PRODUCT_BUNDLE_IDENTIFIER = lynn.ios.AutoLayoutSample1Tests;
				PRODUCT_NAME = "$(TARGET_NAME)";
				TEST_HOST = "$(BUILT_PRODUCTS_DIR)/AutoLayoutSample1.app/AutoLayoutSample1";
			};
			name = Release;
		};
/* End XCBuildConfiguration section */

/* Begin XCConfigurationList section */
		BAAF57271C44929A00AB88AB /* Build configuration list for PBXProject "AutoLayoutSample1" */ = {
			isa = XCConfigurationList;
			buildConfigurations = (
				BAAF57471C44929A00AB88AB /* Debug */,
				BAAF57481C44929A00AB88AB /* Release */,
			);
			defaultConfigurationIsVisible = 0;
			defaultConfigurationName = Release;
		};
		BAAF57491C44929A00AB88AB /* Build configuration list for PBXNativeTarget "AutoLayoutSample1" */ = {
			isa = XCConfigurationList;
			buildConfigurations = (
				BAAF574A1C44929A00AB88AB /* Debug */,
				BAAF574B1C44929A00AB88AB /* Release */,
			);
			defaultConfigurationIsVisible = 0;
		};
		BAAF574C1C44929A00AB88AB /* Build configuration list for PBXNativeTarget "AutoLayoutSample1Tests" */ = {
			isa = XCConfigurationList;
			buildConfigurations = (
				BAAF574D1C44929A00AB88AB /* Debug */,
				BAAF574E1C44929A00AB88AB /* Release */,
			);
			defaultConfigurationIsVisible = 0;
		};
/* End XCConfigurationList section */
	};
	rootObject = BAAF57241C44929A00AB88AB /* Project object */;
}
